
Microsoft Visual Studio Solution File, Format Version 12.00
# Visual Studio Version 17
VisualStudioVersion = 17.2.32516.85
MinimumVisualStudioVersion = 10.0.40219.1
Project("{FAE04EC0-301F-11D3-BF4B-00C04F79EFBC}") = "UserManagement.API", "UserManagement\UserManagement.API.csproj", "{D5635D7B-911B-471D-8FA6-3AFB9D17EACD}"
EndProject
Project("{FAE04EC0-301F-11D3-BF4B-00C04F79EFBC}") = "UserManagement.Common", "UserManagement.Common\UserManagement.Common.csproj", "{6B7B3310-FB4E-49DE-B463-BA2B44D4DB0C}"
EndProject
Project("{FAE04EC0-301F-11D3-BF4B-00C04F79EFBC}") = "UserManagement.Core", "UserManagement.Core\UserManagement.Core.csproj", "{4AB8DC94-0192-444F-BD7F-0E9DFDC44855}"
EndProject
Project("{FAE04EC0-301F-11D3-BF4B-00C04F79EFBC}") = "UserManagement.Database", "UserManagement.Database\UserManagement.Database.csproj", "{66A25B85-E04F-4D15-9280-628847CE7295}"
EndProject
Project("{FAE04EC0-301F-11D3-BF4B-00C04F79EFBC}") = "UserManagement.Services", "UserManagement.Services\UserManagement.Services.csproj", "{34D2392E-A044-48BA-9434-D5F553AC716D}"
EndProject
Global
	GlobalSection(SolutionConfigurationPlatforms) = preSolution
		Debug|Any CPU = Debug|Any CPU
		Release|Any CPU = Release|Any CPU
	EndGlobalSection
	GlobalSection(ProjectConfigurationPlatforms) = postSolution
		{D5635D7B-911B-471D-8FA6-3AFB9D17EACD}.Debug|Any CPU.ActiveCfg = Debug|Any CPU
		{D5635D7B-911B-471D-8FA6-3AFB9D17EACD}.Debug|Any CPU.Build.0 = Debug|Any CPU
		{D5635D7B-911B-471D-8FA6-3AFB9D17EACD}.Release|Any CPU.ActiveCfg = Release|Any CPU
		{D5635D7B-911B-471D-8FA6-3AFB9D17EACD}.Release|Any CPU.Build.0 = Release|Any CPU
		{6B7B3310-FB4E-49DE-B463-BA2B44D4DB0C}.Debug|Any CPU.ActiveCfg = Debug|Any CPU
		{6B7B3310-FB4E-49DE-B463-BA2B44D4DB0C}.Debug|Any CPU.Build.0 = Debug|Any CPU
		{6B7B3310-FB4E-49DE-B463-BA2B44D4DB0C}.Release|Any CPU.ActiveCfg = Release|Any CPU
		{6B7B3310-FB4E-49DE-B463-BA2B44D4DB0C}.Release|Any CPU.Build.0 = Release|Any CPU
		{4AB8DC94-0192-444F-BD7F-0E9DFDC44855}.Debug|Any CPU.ActiveCfg = Debug|Any CPU
		{4AB8DC94-0192-444F-BD7F-0E9DFDC44855}.Debug|Any CPU.Build.0 = Debug|Any CPU
		{4AB8DC94-0192-444F-BD7F-0E9DFDC44855}.Release|Any CPU.ActiveCfg = Release|Any CPU
		{4AB8DC94-0192-444F-BD7F-0E9DFDC44855}.Release|Any CPU.Build.0 = Release|Any CPU
		{66A25B85-E04F-4D15-9280-628847CE7295}.Debug|Any CPU.ActiveCfg = Debug|Any CPU
		{66A25B85-E04F-4D15-9280-628847CE7295}.Debug|Any CPU.Build.0 = Debug|Any CPU
		{66A25B85-E04F-4D15-9280-628847CE7295}.Release|Any CPU.ActiveCfg = Release|Any CPU
		{66A25B85-E04F-4D15-9280-628847CE7295}.Release|Any CPU.Build.0 = Release|Any CPU
		{34D2392E-A044-48BA-9434-D5F553AC716D}.Debug|Any CPU.ActiveCfg = Debug|Any CPU
		{34D2392E-A044-48BA-9434-D5F553AC716D}.Debug|Any CPU.Build.0 = Debug|Any CPU
		{34D2392E-A044-48BA-9434-D5F553AC716D}.Release|Any CPU.ActiveCfg = Release|Any CPU
		{34D2392E-A044-48BA-9434-D5F553AC716D}.Release|Any CPU.Build.0 = Release|Any CPU
	EndGlobalSection
	GlobalSection(SolutionProperties) = preSolution
		HideSolutionNode = FALSE
	EndGlobalSection
	GlobalSection(ExtensibilityGlobals) = postSolution
		SolutionGuid = {43C7388B-EA92-4590-83AC-4A3785B7BEFD}
	EndGlobalSection
EndGlobal
